
Microsoft Visual Studio Solution File, Format Version 12.00
# Visual Studio Version 17
VisualStudioVersion = 17.8.34525.116
MinimumVisualStudioVersion = 10.0.40219.1
Project("{FAE04EC0-301F-11D3-BF4B-00C04F79EFBC}") = "TestImage", "TestImage\TestImage.csproj", "{2DF6F1C2-3784-4A1C-B150-51B5811960FE}"
EndProject
Project("{9A19103F-16F7-4668-BE54-9A1E7A4F7556}") = "ClassLibrary1", "..\ClassLibrary1\ClassLibrary1.csproj", "{E56BB4E3-EC14-47E6-BB18-0DD01163F4BE}"
EndProject
Global
	GlobalSection(SolutionConfigurationPlatforms) = preSolution
		Debug|Any CPU = Debug|Any CPU
		Release|Any CPU = Release|Any CPU
	EndGlobalSection
	GlobalSection(ProjectConfigurationPlatforms) = postSolution
		{2DF6F1C2-3784-4A1C-B150-51B5811960FE}.Debug|Any CPU.ActiveCfg = Debug|Any CPU
		{2DF6F1C2-3784-4A1C-B150-51B5811960FE}.Debug|Any CPU.Build.0 = Debug|Any CPU
		{2DF6F1C2-3784-4A1C-B150-51B5811960FE}.Release|Any CPU.ActiveCfg = Release|Any CPU
		{2DF6F1C2-3784-4A1C-B150-51B5811960FE}.Release|Any CPU.Build.0 = Release|Any CPU
		{E56BB4E3-EC14-47E6-BB18-0DD01163F4BE}.Debug|Any CPU.ActiveCfg = Debug|Any CPU
		{E56BB4E3-EC14-47E6-BB18-0DD01163F4BE}.Debug|Any CPU.Build.0 = Debug|Any CPU
		{E56BB4E3-EC14-47E6-BB18-0DD01163F4BE}.Release|Any CPU.ActiveCfg = Release|Any CPU
		{E56BB4E3-EC14-47E6-BB18-0DD01163F4BE}.Release|Any CPU.Build.0 = Release|Any CPU
	EndGlobalSection
	GlobalSection(SolutionProperties) = preSolution
		HideSolutionNode = FALSE
	EndGlobalSection
	GlobalSection(ExtensibilityGlobals) = postSolution
		SolutionGuid = {DE9F4684-D70B-4AC2-B936-51EEA1B436BE}
	EndGlobalSection
EndGlobal
